{
  "name": "rt3",
  "version": "1.0.0",
  "lockfileVersion": 3,
  "requires": true,
  "packages": {
    "": {
      "name": "rt3",
      "version": "1.0.0",
      "license": "ISC",
      "dependencies": {
        "modulo-rt3": "github:juliasoares17/modulo-RT3"
      }
    },
    "node_modules/modulo-rt3": {
      "version": "1.0.0",
      "resolved": "git+ssh://git@github.com/juliasoares17/modulo-RT3.git#cd19cf93496c50abec7e02a71614d229172d1933",
      "license": "ISC"
    }
  }
}
